
Microsoft Visual Studio Solution File, Format Version 12.00
# Visual Studio Express 2013 for Web
VisualStudioVersion = 12.0.21005.1
MinimumVisualStudioVersion = 10.0.40219.1
Project("{2150E333-8FDC-42A3-9474-1A3956D46DE8}") = "Solution Items", "Solution Items", "{E1F32EAC-EE8F-4CE2-BCA7-C5D24D477549}"
EndProject
Project("{2150E333-8FDC-42A3-9474-1A3956D46DE8}") = "d3", "d3", "{843A2828-750B-4DAD-9019-8D4A82FE1D09}"
	ProjectSection(SolutionItems) = preProject
		d3\index.html = d3\index.html
		d3\main.js = d3\main.js
		d3\zoom.html = d3\zoom.html
	EndProjectSection
EndProject
Project("{2150E333-8FDC-42A3-9474-1A3956D46DE8}") = "snap.svg", "snap.svg", "{0F89EBC4-3413-4211-808B-1B1ADEF4792E}"
	ProjectSection(SolutionItems) = preProject
		snap.svg\1.html = snap.svg\1.html
		snap.svg\1.js = snap.svg\1.js
		snap.svg\2.html = snap.svg\2.html
		snap.svg\2.js = snap.svg\2.js
		snap.svg\Dreaming_tux.svg = snap.svg\Dreaming_tux.svg
		snap.svg\snap.svg.js = snap.svg\snap.svg.js
	EndProjectSection
EndProject
Project("{2150E333-8FDC-42A3-9474-1A3956D46DE8}") = "svgjs", "svgjs", "{AE95A626-8884-4AF3-8BA9-CB122E42D512}"
	ProjectSection(SolutionItems) = preProject
		svgjs\index.html = svgjs\index.html
		svgjs\main.js = svgjs\main.js
		svgjs\zoom.html = svgjs\zoom.html
	EndProjectSection
EndProject
Project("{2150E333-8FDC-42A3-9474-1A3956D46DE8}") = "src", "src", "{E5200750-7018-43EC-8422-C3A2B96DE3C5}"
	ProjectSection(SolutionItems) = preProject
		svgjs\src\svg.js = svgjs\src\svg.js
		svgjs\src\svg.min.js = svgjs\src\svg.min.js
	EndProjectSection
EndProject
Project("{2150E333-8FDC-42A3-9474-1A3956D46DE8}") = "_unit", "_unit", "{65CD2493-498E-443A-817F-2F4B1CFBD619}"
	ProjectSection(SolutionItems) = preProject
		_unit\out.js = _unit\out.js
		_unit\ScaleMode.js = _unit\ScaleMode.js
	EndProjectSection
EndProject
Global
	GlobalSection(SolutionProperties) = preSolution
		HideSolutionNode = FALSE
	EndGlobalSection
	GlobalSection(NestedProjects) = preSolution
		{843A2828-750B-4DAD-9019-8D4A82FE1D09} = {E1F32EAC-EE8F-4CE2-BCA7-C5D24D477549}
		{0F89EBC4-3413-4211-808B-1B1ADEF4792E} = {E1F32EAC-EE8F-4CE2-BCA7-C5D24D477549}
		{AE95A626-8884-4AF3-8BA9-CB122E42D512} = {E1F32EAC-EE8F-4CE2-BCA7-C5D24D477549}
		{65CD2493-498E-443A-817F-2F4B1CFBD619} = {E1F32EAC-EE8F-4CE2-BCA7-C5D24D477549}
		{E5200750-7018-43EC-8422-C3A2B96DE3C5} = {AE95A626-8884-4AF3-8BA9-CB122E42D512}
	EndGlobalSection
EndGlobal
